
Microsoft Visual Studio Solution File, Format Version 12.00
# Visual Studio Version 17
VisualStudioVersion = 17.9.34511.98
MinimumVisualStudioVersion = 10.0.40219.1
Project("{9A19103F-16F7-4668-BE54-9A1E7A4F7556}") = "SpaceSunShine", "SpaceSunShine\SpaceSunShine.csproj", "{2DC60A9D-F44B-4B06-8A37-9B05D6D2CAC8}"
EndProject
Global
	GlobalSection(SolutionConfigurationPlatforms) = preSolution
		Debug|Any CPU = Debug|Any CPU
		Release|Any CPU = Release|Any CPU
	EndGlobalSection
	GlobalSection(ProjectConfigurationPlatforms) = postSolution
		{2DC60A9D-F44B-4B06-8A37-9B05D6D2CAC8}.Debug|Any CPU.ActiveCfg = Debug|Any CPU
		{2DC60A9D-F44B-4B06-8A37-9B05D6D2CAC8}.Debug|Any CPU.Build.0 = Debug|Any CPU
		{2DC60A9D-F44B-4B06-8A37-9B05D6D2CAC8}.Release|Any CPU.ActiveCfg = Release|Any CPU
		{2DC60A9D-F44B-4B06-8A37-9B05D6D2CAC8}.Release|Any CPU.Build.0 = Release|Any CPU
		{5F0DD60C-0E4E-440E-ABFD-9FDB008986A1}.Debug|Any CPU.ActiveCfg = Debug|Any CPU
		{5F0DD60C-0E4E-440E-ABFD-9FDB008986A1}.Debug|Any CPU.Build.0 = Debug|Any CPU
		{5F0DD60C-0E4E-440E-ABFD-9FDB008986A1}.Release|Any CPU.ActiveCfg = Release|Any CPU
		{5F0DD60C-0E4E-440E-ABFD-9FDB008986A1}.Release|Any CPU.Build.0 = Release|Any CPU
	EndGlobalSection
	GlobalSection(SolutionProperties) = preSolution
		HideSolutionNode = FALSE
	EndGlobalSection
	GlobalSection(ExtensibilityGlobals) = postSolution
		SolutionGuid = {4F61B4D9-FEE9-492D-A6B2-1FFB93281C12}
	EndGlobalSection
EndGlobal
